
Microsoft Visual Studio Solution File, Format Version 12.00
# Visual Studio Version 17
VisualStudioVersion = 17.9.34714.143
MinimumVisualStudioVersion = 10.0.40219.1
Project("{FAE04EC0-301F-11D3-BF4B-00C04F79EFBC}") = "BowlingCalculator", "BowlingCalculator\BowlingCalculator.csproj", "{23C40D4D-7ED6-4E0E-9880-D14A6148CED2}"
EndProject
Project("{FAE04EC0-301F-11D3-BF4B-00C04F79EFBC}") = "BowlingCalculatorTests", "BowlingCalculatorTests\BowlingCalculatorTests.csproj", "{2773A150-3BE1-4C0C-B436-908AAFCA124C}"
EndProject
Global
	GlobalSection(SolutionConfigurationPlatforms) = preSolution
		Debug|Any CPU = Debug|Any CPU
		Release|Any CPU = Release|Any CPU
	EndGlobalSection
	GlobalSection(ProjectConfigurationPlatforms) = postSolution
		{23C40D4D-7ED6-4E0E-9880-D14A6148CED2}.Debug|Any CPU.ActiveCfg = Debug|Any CPU
		{23C40D4D-7ED6-4E0E-9880-D14A6148CED2}.Debug|Any CPU.Build.0 = Debug|Any CPU
		{23C40D4D-7ED6-4E0E-9880-D14A6148CED2}.Release|Any CPU.ActiveCfg = Release|Any CPU
		{23C40D4D-7ED6-4E0E-9880-D14A6148CED2}.Release|Any CPU.Build.0 = Release|Any CPU
		{2773A150-3BE1-4C0C-B436-908AAFCA124C}.Debug|Any CPU.ActiveCfg = Debug|Any CPU
		{2773A150-3BE1-4C0C-B436-908AAFCA124C}.Debug|Any CPU.Build.0 = Debug|Any CPU
		{2773A150-3BE1-4C0C-B436-908AAFCA124C}.Release|Any CPU.ActiveCfg = Release|Any CPU
		{2773A150-3BE1-4C0C-B436-908AAFCA124C}.Release|Any CPU.Build.0 = Release|Any CPU
	EndGlobalSection
	GlobalSection(SolutionProperties) = preSolution
		HideSolutionNode = FALSE
	EndGlobalSection
	GlobalSection(ExtensibilityGlobals) = postSolution
		SolutionGuid = {6CC00DBF-FAF7-414C-89E0-3DCD60EC9045}
	EndGlobalSection
EndGlobal
